
Microsoft Visual Studio Solution File, Format Version 12.00
# Visual Studio Version 16
VisualStudioVersion = 16.0.29806.167
MinimumVisualStudioVersion = 10.0.40219.1
Project("{9A19103F-16F7-4668-BE54-9A1E7A4F7556}") = "PrimeNumberProgram", "PrimeNumberProgram\PrimeNumberProgram.csproj", "{CEEEDA05-173D-4FE8-8CBD-3F31F313D730}"
EndProject
Project("{9A19103F-16F7-4668-BE54-9A1E7A4F7556}") = "PrimeNumberTesting", "PrimeNumberTesting\PrimeNumberTesting.csproj", "{5ED320D8-381D-42E5-A07B-98A3195E965F}"
EndProject
Project("{FAE04EC0-301F-11D3-BF4B-00C04F79EFBC}") = "PrimeNumberLibrary", "PrimeNumberLibrary\PrimeNumberLibrary.csproj", "{42A96689-3C7F-473B-B249-3D3A58C7B366}"
EndProject
Global
	GlobalSection(SolutionConfigurationPlatforms) = preSolution
		Debug|Any CPU = Debug|Any CPU
		Release|Any CPU = Release|Any CPU
	EndGlobalSection
	GlobalSection(ProjectConfigurationPlatforms) = postSolution
		{CEEEDA05-173D-4FE8-8CBD-3F31F313D730}.Debug|Any CPU.ActiveCfg = Debug|Any CPU
		{CEEEDA05-173D-4FE8-8CBD-3F31F313D730}.Debug|Any CPU.Build.0 = Debug|Any CPU
		{CEEEDA05-173D-4FE8-8CBD-3F31F313D730}.Release|Any CPU.ActiveCfg = Release|Any CPU
		{CEEEDA05-173D-4FE8-8CBD-3F31F313D730}.Release|Any CPU.Build.0 = Release|Any CPU
		{5ED320D8-381D-42E5-A07B-98A3195E965F}.Debug|Any CPU.ActiveCfg = Debug|Any CPU
		{5ED320D8-381D-42E5-A07B-98A3195E965F}.Debug|Any CPU.Build.0 = Debug|Any CPU
		{5ED320D8-381D-42E5-A07B-98A3195E965F}.Release|Any CPU.ActiveCfg = Release|Any CPU
		{5ED320D8-381D-42E5-A07B-98A3195E965F}.Release|Any CPU.Build.0 = Release|Any CPU
		{42A96689-3C7F-473B-B249-3D3A58C7B366}.Debug|Any CPU.ActiveCfg = Debug|Any CPU
		{42A96689-3C7F-473B-B249-3D3A58C7B366}.Debug|Any CPU.Build.0 = Debug|Any CPU
		{42A96689-3C7F-473B-B249-3D3A58C7B366}.Release|Any CPU.ActiveCfg = Release|Any CPU
		{42A96689-3C7F-473B-B249-3D3A58C7B366}.Release|Any CPU.Build.0 = Release|Any CPU
	EndGlobalSection
	GlobalSection(SolutionProperties) = preSolution
		HideSolutionNode = FALSE
	EndGlobalSection
	GlobalSection(ExtensibilityGlobals) = postSolution
		SolutionGuid = {64937B6B-49BC-4698-B53E-EA1DE0AAD77F}
	EndGlobalSection
EndGlobal
